
Microsoft Visual Studio Solution File, Format Version 12.00
# Visual Studio 15
VisualStudioVersion = 15.0.28010.2036
MinimumVisualStudioVersion = 10.0.40219.1
Project("{FAE04EC0-301F-11D3-BF4B-00C04F79EFBC}") = "Avaluos", "Avaluos\Avaluos.csproj", "{08BF201D-D2DA-47F9-B039-01A749C44828}"
EndProject
Global
	GlobalSection(SolutionConfigurationPlatforms) = preSolution
		Debug|Any CPU = Debug|Any CPU
		Release|Any CPU = Release|Any CPU
	EndGlobalSection
	GlobalSection(ProjectConfigurationPlatforms) = postSolution
		{08BF201D-D2DA-47F9-B039-01A749C44828}.Debug|Any CPU.ActiveCfg = Debug|Any CPU
		{08BF201D-D2DA-47F9-B039-01A749C44828}.Debug|Any CPU.Build.0 = Debug|Any CPU
		{08BF201D-D2DA-47F9-B039-01A749C44828}.Release|Any CPU.ActiveCfg = Release|Any CPU
		{08BF201D-D2DA-47F9-B039-01A749C44828}.Release|Any CPU.Build.0 = Release|Any CPU
	EndGlobalSection
	GlobalSection(SolutionProperties) = preSolution
		HideSolutionNode = FALSE
	EndGlobalSection
	GlobalSection(ExtensibilityGlobals) = postSolution
		SolutionGuid = {7CC4D88E-4F38-4D20-835C-DD59BB1F0E49}
	EndGlobalSection
EndGlobal
